
Microsoft Visual Studio Solution File, Format Version 12.00
# Visual Studio Version 17
VisualStudioVersion = 17.3.32901.215
MinimumVisualStudioVersion = 10.0.40219.1
Project("{FAE04EC0-301F-11D3-BF4B-00C04F79EFBC}") = "OrdersManagmentSystem.API", "OrdersManagmentSystem.API\OrdersManagmentSystem.API.csproj", "{C945DD92-F6CA-45B6-8554-7DB713BCC95D}"
EndProject
Global
	GlobalSection(SolutionConfigurationPlatforms) = preSolution
		Debug|Any CPU = Debug|Any CPU
		Release|Any CPU = Release|Any CPU
	EndGlobalSection
	GlobalSection(ProjectConfigurationPlatforms) = postSolution
		{C945DD92-F6CA-45B6-8554-7DB713BCC95D}.Debug|Any CPU.ActiveCfg = Debug|Any CPU
		{C945DD92-F6CA-45B6-8554-7DB713BCC95D}.Debug|Any CPU.Build.0 = Debug|Any CPU
		{C945DD92-F6CA-45B6-8554-7DB713BCC95D}.Release|Any CPU.ActiveCfg = Release|Any CPU
		{C945DD92-F6CA-45B6-8554-7DB713BCC95D}.Release|Any CPU.Build.0 = Release|Any CPU
	EndGlobalSection
	GlobalSection(SolutionProperties) = preSolution
		HideSolutionNode = FALSE
	EndGlobalSection
	GlobalSection(ExtensibilityGlobals) = postSolution
		SolutionGuid = {B21AC352-F27C-4836-A7DD-149D39378A67}
	EndGlobalSection
EndGlobal
